
Microsoft Visual Studio Solution File, Format Version 12.00
# Visual Studio 2015
Project("{FAE04EC0-301F-11D3-BF4B-00C04F79EFBC}") = "Exercise 2.CSharp", "Exercise 2.CSharp.csproj", "{68EFD891-B72D-952C-2DE2-4E3C0170C952}"
EndProject
Global
	GlobalSection(SolutionConfigurationPlatforms) = preSolution
		Debug|Any CPU = Debug|Any CPU
		Release|Any CPU = Release|Any CPU
	EndGlobalSection
	GlobalSection(ProjectConfigurationPlatforms) = postSolution
		{68EFD891-B72D-952C-2DE2-4E3C0170C952}.Debug|Any CPU.ActiveCfg = Debug|Any CPU
		{68EFD891-B72D-952C-2DE2-4E3C0170C952}.Debug|Any CPU.Build.0 = Debug|Any CPU
		{68EFD891-B72D-952C-2DE2-4E3C0170C952}.Release|Any CPU.ActiveCfg = Release|Any CPU
		{68EFD891-B72D-952C-2DE2-4E3C0170C952}.Release|Any CPU.Build.0 = Release|Any CPU
	EndGlobalSection
	GlobalSection(SolutionProperties) = preSolution
		HideSolutionNode = FALSE
	EndGlobalSection
EndGlobal
