
Microsoft Visual Studio Solution File, Format Version 12.00
# Visual Studio 2015
Project("{FAE04EC0-301F-11D3-BF4B-00C04F79EFBC}") = "FN Exercise 2.CSharp", "FN Exercise 2.CSharp.csproj", "{24702083-7E6F-3334-FC57-1DFDCB8912EE}"
EndProject
Global
	GlobalSection(SolutionConfigurationPlatforms) = preSolution
		Debug|Any CPU = Debug|Any CPU
		Release|Any CPU = Release|Any CPU
	EndGlobalSection
	GlobalSection(ProjectConfigurationPlatforms) = postSolution
		{24702083-7E6F-3334-FC57-1DFDCB8912EE}.Debug|Any CPU.ActiveCfg = Debug|Any CPU
		{24702083-7E6F-3334-FC57-1DFDCB8912EE}.Debug|Any CPU.Build.0 = Debug|Any CPU
		{24702083-7E6F-3334-FC57-1DFDCB8912EE}.Release|Any CPU.ActiveCfg = Release|Any CPU
		{24702083-7E6F-3334-FC57-1DFDCB8912EE}.Release|Any CPU.Build.0 = Release|Any CPU
	EndGlobalSection
	GlobalSection(SolutionProperties) = preSolution
		HideSolutionNode = FALSE
	EndGlobalSection
EndGlobal
