
Microsoft Visual Studio Solution File, Format Version 12.00
# Visual Studio 2015
Project("{FAE04EC0-301F-11D3-BF4B-00C04F79EFBC}") = "Exercise 1.CSharp", "Exercise 1.CSharp.csproj", "{D70C5DEC-9160-6CBE-418A-05C39150614B}"
EndProject
Global
	GlobalSection(SolutionConfigurationPlatforms) = preSolution
		Debug|Any CPU = Debug|Any CPU
		Release|Any CPU = Release|Any CPU
	EndGlobalSection
	GlobalSection(ProjectConfigurationPlatforms) = postSolution
		{D70C5DEC-9160-6CBE-418A-05C39150614B}.Debug|Any CPU.ActiveCfg = Debug|Any CPU
		{D70C5DEC-9160-6CBE-418A-05C39150614B}.Debug|Any CPU.Build.0 = Debug|Any CPU
		{D70C5DEC-9160-6CBE-418A-05C39150614B}.Release|Any CPU.ActiveCfg = Release|Any CPU
		{D70C5DEC-9160-6CBE-418A-05C39150614B}.Release|Any CPU.Build.0 = Release|Any CPU
	EndGlobalSection
	GlobalSection(SolutionProperties) = preSolution
		HideSolutionNode = FALSE
	EndGlobalSection
EndGlobal
