
Microsoft Visual Studio Solution File, Format Version 12.00
# Visual Studio 2015
Project("{FAE04EC0-301F-11D3-BF4B-00C04F79EFBC}") = "Exercise 3.CSharp", "Exercise 3.CSharp.csproj", "{5DA98FDC-562F-A3CE-F12D-3C05C23796CE}"
EndProject
Global
	GlobalSection(SolutionConfigurationPlatforms) = preSolution
		Debug|Any CPU = Debug|Any CPU
		Release|Any CPU = Release|Any CPU
	EndGlobalSection
	GlobalSection(ProjectConfigurationPlatforms) = postSolution
		{5DA98FDC-562F-A3CE-F12D-3C05C23796CE}.Debug|Any CPU.ActiveCfg = Debug|Any CPU
		{5DA98FDC-562F-A3CE-F12D-3C05C23796CE}.Debug|Any CPU.Build.0 = Debug|Any CPU
		{5DA98FDC-562F-A3CE-F12D-3C05C23796CE}.Release|Any CPU.ActiveCfg = Release|Any CPU
		{5DA98FDC-562F-A3CE-F12D-3C05C23796CE}.Release|Any CPU.Build.0 = Release|Any CPU
	EndGlobalSection
	GlobalSection(SolutionProperties) = preSolution
		HideSolutionNode = FALSE
	EndGlobalSection
EndGlobal
